// !$*UTF8*$!
{
	archiveVersion = 1;
	classes = {
	};
	objectVersion = 55;
	objects = {

/* Begin PBXBuildFile section */
		1470F18F276E648D005FC928 /* AppDelegate.swift in Sources */ = {isa = PBXBuildFile; fileRef = 1470F18E276E648D005FC928 /* AppDelegate.swift */; };
		1470F191276E648D005FC928 /* SceneDelegate.swift in Sources */ = {isa = PBXBuildFile; fileRef = 1470F190276E648D005FC928 /* SceneDelegate.swift */; };
		1470F196276E648D005FC928 /* Main.storyboard in Resources */ = {isa = PBXBuildFile; fileRef = 1470F194276E648D005FC928 /* Main.storyboard */; };
		1470F198276E6497005FC928 /* Assets.xcassets in Resources */ = {isa = PBXBuildFile; fileRef = 1470F197276E6497005FC928 /* Assets.xcassets */; };
		1470F19B276E6497005FC928 /* LaunchScreen.storyboard in Resources */ = {isa = PBXBuildFile; fileRef = 1470F199276E6497005FC928 /* LaunchScreen.storyboard */; };
		1470F1A3276E651F005FC928 /* QuestionViewController.swift in Sources */ = {isa = PBXBuildFile; fileRef = 1470F1A2276E651F005FC928 /* QuestionViewController.swift */; };
		1470F1A5276E656F005FC928 /* ResultViewController.swift in Sources */ = {isa = PBXBuildFile; fileRef = 1470F1A4276E656F005FC928 /* ResultViewController.swift */; };
		1470F1A7276E659D005FC928 /* Question.swift in Sources */ = {isa = PBXBuildFile; fileRef = 1470F1A6276E659D005FC928 /* Question.swift */; };
		1470F1A9276E65BD005FC928 /* ResultInfo.swift in Sources */ = {isa = PBXBuildFile; fileRef = 1470F1A8276E65BD005FC928 /* ResultInfo.swift */; };
/* End PBXBuildFile section */

/* Begin PBXFileReference section */
		1470F18B276E648D005FC928 /* WorkCharacterTestAPP.app */ = {isa = PBXFileReference; explicitFileType = wrapper.application; includeInIndex = 0; path = WorkCharacterTestAPP.app; sourceTree = BUILT_PRODUCTS_DIR; };
		1470F18E276E648D005FC928 /* AppDelegate.swift */ = {isa = PBXFileReference; lastKnownFileType = sourcecode.swift; path = AppDelegate.swift; sourceTree = "<group>"; };
		1470F190276E648D005FC928 /* SceneDelegate.swift */ = {isa = PBXFileReference; lastKnownFileType = sourcecode.swift; path = SceneDelegate.swift; sourceTree = "<group>"; };
		1470F195276E648D005FC928 /* Base */ = {isa = PBXFileReference; lastKnownFileType = file.storyboard; name = Base; path = Base.lproj/Main.storyboard; sourceTree = "<group>"; };
		1470F197276E6497005FC928 /* Assets.xcassets */ = {isa = PBXFileReference; lastKnownFileType = folder.assetcatalog; path = Assets.xcassets; sourceTree = "<group>"; };
		1470F19A276E6497005FC928 /* Base */ = {isa = PBXFileReference; lastKnownFileType = file.storyboard; name = Base; path = Base.lproj/LaunchScreen.storyboard; sourceTree = "<group>"; };
		1470F19C276E6497005FC928 /* Info.plist */ = {isa = PBXFileReference; lastKnownFileType = text.plist.xml; path = Info.plist; sourceTree = "<group>"; };
		1470F1A2276E651F005FC928 /* QuestionViewController.swift */ = {isa = PBXFileReference; lastKnownFileType = sourcecode.swift; path = QuestionViewController.swift; sourceTree = "<group>"; };
		1470F1A4276E656F005FC928 /* ResultViewController.swift */ = {isa = PBXFileReference; lastKnownFileType = sourcecode.swift; path = ResultViewController.swift; sourceTree = "<group>"; };
		1470F1A6276E659D005FC928 /* Question.swift */ = {isa = PBXFileReference; lastKnownFileType = sourcecode.swift; path = Question.swift; sourceTree = "<group>"; };
		1470F1A8276E65BD005FC928 /* ResultInfo.swift */ = {isa = PBXFileReference; lastKnownFileType = sourcecode.swift; path = ResultInfo.swift; sourceTree = "<group>"; };
/* End PBXFileReference section */

/* Begin PBXFrameworksBuildPhase section */
		1470F188276E648D005FC928 /* Frameworks */ = {
			isa = PBXFrameworksBuildPhase;
			buildActionMask = 2147483647;
			files = (
			);
			runOnlyForDeploymentPostprocessing = 0;
		};
/* End PBXFrameworksBuildPhase section */

/* Begin PBXGroup section */
		1470F182276E648D005FC928 = {
			isa = PBXGroup;
			children = (
				1470F18D276E648D005FC928 /* WorkCharacterTestAPP */,
				1470F18C276E648D005FC928 /* Products */,
			);
			sourceTree = "<group>";
		};
		1470F18C276E648D005FC928 /* Products */ = {
			isa = PBXGroup;
			children = (
				1470F18B276E648D005FC928 /* WorkCharacterTestAPP.app */,
			);
			name = Products;
			sourceTree = "<group>";
		};
		1470F18D276E648D005FC928 /* WorkCharacterTestAPP */ = {
			isa = PBXGroup;
			children = (
				1470F18E276E648D005FC928 /* AppDelegate.swift */,
				1470F190276E648D005FC928 /* SceneDelegate.swift */,
				1470F194276E648D005FC928 /* Main.storyboard */,
				1470F197276E6497005FC928 /* Assets.xcassets */,
				1470F199276E6497005FC928 /* LaunchScreen.storyboard */,
				1470F19C276E6497005FC928 /* Info.plist */,
				1470F1A2276E651F005FC928 /* QuestionViewController.swift */,
				1470F1A4276E656F005FC928 /* ResultViewController.swift */,
				1470F1A6276E659D005FC928 /* Question.swift */,
				1470F1A8276E65BD005FC928 /* ResultInfo.swift */,
			);
			path = WorkCharacterTestAPP;
			sourceTree = "<group>";
		};
/* End PBXGroup section */

/* Begin PBXNativeTarget section */
		1470F18A276E648D005FC928 /* WorkCharacterTestAPP */ = {
			isa = PBXNativeTarget;
			buildConfigurationList = 1470F19F276E6497005FC928 /* Build configuration list for PBXNativeTarget "WorkCharacterTestAPP" */;
			buildPhases = (
				1470F187276E648D005FC928 /* Sources */,
				1470F188276E648D005FC928 /* Frameworks */,
				1470F189276E648D005FC928 /* Resources */,
			);
			buildRules = (
			);
			dependencies = (
			);
			name = WorkCharacterTestAPP;
			productName = WorkCharacterTestAPP;
			productReference = 1470F18B276E648D005FC928 /* WorkCharacterTestAPP.app */;
			productType = "com.apple.product-type.application";
		};
/* End PBXNativeTarget section */

/* Begin PBXProject section */
		1470F183276E648D005FC928 /* Project object */ = {
			isa = PBXProject;
			attributes = {
				BuildIndependentTargetsInParallel = 1;
				LastSwiftUpdateCheck = 1310;
				LastUpgradeCheck = 1310;
				TargetAttributes = {
					1470F18A276E648D005FC928 = {
						CreatedOnToolsVersion = 13.1;
					};
				};
			};
			buildConfigurationList = 1470F186276E648D005FC928 /* Build configuration list for PBXProject "WorkCharacterTestAPP" */;
			compatibilityVersion = "Xcode 13.0";
			developmentRegion = en;
			hasScannedForEncodings = 0;
			knownRegions = (
				en,
				Base,
			);
			mainGroup = 1470F182276E648D005FC928;
			productRefGroup = 1470F18C276E648D005FC928 /* Products */;
			projectDirPath = "";
			projectRoot = "";
			targets = (
				1470F18A276E648D005FC928 /* WorkCharacterTestAPP */,
			);
		};
/* End PBXProject section */

/* Begin PBXResourcesBuildPhase section */
		1470F189276E648D005FC928 /* Resources */ = {
			isa = PBXResourcesBuildPhase;
			buildActionMask = 2147483647;
			files = (
				1470F19B276E6497005FC928 /* LaunchScreen.storyboard in Resources */,
				1470F198276E6497005FC928 /* Assets.xcassets in Resources */,
				1470F196276E648D005FC928 /* Main.storyboard in Resources */,
			);
			runOnlyForDeploymentPostprocessing = 0;
		};
/* End PBXResourcesBuildPhase section */

/* Begin PBXSourcesBuildPhase section */
		1470F187276E648D005FC928 /* Sources */ = {
			isa = PBXSourcesBuildPhase;
			buildActionMask = 2147483647;
			files = (
				1470F1A7276E659D005FC928 /* Question.swift in Sources */,
				1470F18F276E648D005FC928 /* AppDelegate.swift in Sources */,
				1470F191276E648D005FC928 /* SceneDelegate.swift in Sources */,
				1470F1A3276E651F005FC928 /* QuestionViewController.swift in Sources */,
				1470F1A9276E65BD005FC928 /* ResultInfo.swift in Sources */,
				1470F1A5276E656F005FC928 /* ResultViewController.swift in Sources */,
			);
			runOnlyForDeploymentPostprocessing = 0;
		};
/* End PBXSourcesBuildPhase section */

/* Begin PBXVariantGroup section */
		1470F194276E648D005FC928 /* Main.storyboard */ = {
			isa = PBXVariantGroup;
			children = (
				1470F195276E648D005FC928 /* Base */,
			);
			name = Main.storyboard;
			sourceTree = "<group>";
		};
		1470F199276E6497005FC928 /* LaunchScreen.storyboard */ = {
			isa = PBXVariantGroup;
			children = (
				1470F19A276E6497005FC928 /* Base */,
			);
			name = LaunchScreen.storyboard;
			sourceTree = "<group>";
		};
/* End PBXVariantGroup section */

/* Begin XCBuildConfiguration section */
		1470F19D276E6497005FC928 /* Debug */ = {
			isa = XCBuildConfiguration;
			buildSettings = {
				ALWAYS_SEARCH_USER_PATHS = NO;
				CLANG_ANALYZER_NONNULL = YES;
				CLANG_ANALYZER_NUMBER_OBJECT_CONVERSION = YES_AGGRESSIVE;
				CLANG_CXX_LANGUAGE_STANDARD = "gnu++17";
				CLANG_CXX_LIBRARY = "libc++";
				CLANG_ENABLE_MODULES = YES;
				CLANG_ENABLE_OBJC_ARC = YES;
				CLANG_ENABLE_OBJC_WEAK = YES;
				CLANG_WARN_BLOCK_CAPTURE_AUTORELEASING = YES;
				CLANG_WARN_BOOL_CONVERSION = YES;
				CLANG_WARN_COMMA = YES;
				CLANG_WARN_CONSTANT_CONVERSION = YES;
				CLANG_WARN_DEPRECATED_OBJC_IMPLEMENTATIONS = YES;
				CLANG_WARN_DIRECT_OBJC_ISA_USAGE = YES_ERROR;
				CLANG_WARN_DOCUMENTATION_COMMENTS = YES;
				CLANG_WARN_EMPTY_BODY = YES;
				CLANG_WARN_ENUM_CONVERSION = YES;
				CLANG_WARN_INFINITE_RECURSION = YES;
				CLANG_WARN_INT_CONVERSION = YES;
				CLANG_WARN_NON_LITERAL_NULL_CONVERSION = YES;
				CLANG_WARN_OBJC_IMPLICIT_RETAIN_SELF = YES;
				CLANG_WARN_OBJC_LITERAL_CONVERSION = YES;
				CLANG_WARN_OBJC_ROOT_CLASS = YES_ERROR;
				CLANG_WARN_QUOTED_INCLUDE_IN_FRAMEWORK_HEADER = YES;
				CLANG_WARN_RANGE_LOOP_ANALYSIS = YES;
				CLANG_WARN_STRICT_PROTOTYPES = YES;
				CLANG_WARN_SUSPICIOUS_MOVE = YES;
				CLANG_WARN_UNGUARDED_AVAILABILITY = YES_AGGRESSIVE;
				CLANG_WARN_UNREACHABLE_CODE = YES;
				CLANG_WARN__DUPLICATE_METHOD_MATCH = YES;
				COPY_PHASE_STRIP = NO;
				DEBUG_INFORMATION_FORMAT = dwarf;
				ENABLE_STRICT_OBJC_MSGSEND = YES;
				ENABLE_TESTABILITY = YES;
				GCC_C_LANGUAGE_STANDARD = gnu11;
				GCC_DYNAMIC_NO_PIC = NO;
				GCC_NO_COMMON_BLOCKS = YES;
				GCC_OPTIMIZATION_LEVEL = 0;
				GCC_PREPROCESSOR_DEFINITIONS = (
					"DEBUG=1",
					"$(inherited)",
				);
				GCC_WARN_64_TO_32_BIT_CONVERSION = YES;
				GCC_WARN_ABOUT_RETURN_TYPE = YES_ERROR;
				GCC_WARN_UNDECLARED_SELECTOR = YES;
				GCC_WARN_UNINITIALIZED_AUTOS = YES_AGGRESSIVE;
				GCC_WARN_UNUSED_FUNCTION = YES;
				GCC_WARN_UNUSED_VARIABLE = YES;
				IPHONEOS_DEPLOYMENT_TARGET = 15.0;
				MTL_ENABLE_DEBUG_INFO = INCLUDE_SOURCE;
				MTL_FAST_MATH = YES;
				ONLY_ACTIVE_ARCH = YES;
				SDKROOT = iphoneos;
				SWIFT_ACTIVE_COMPILATION_CONDITIONS = DEBUG;
				SWIFT_OPTIMIZATION_LEVEL = "-Onone";
			};
			name = Debug;
		};
		1470F19E276E6497005FC928 /* Release */ = {
			isa = XCBuildConfiguration;
			buildSettings = {
				ALWAYS_SEARCH_USER_PATHS = NO;
				CLANG_ANALYZER_NONNULL = YES;
				CLANG_ANALYZER_NUMBER_OBJECT_CONVERSION = YES_AGGRESSIVE;
				CLANG_CXX_LANGUAGE_STANDARD = "gnu++17";
				CLANG_CXX_LIBRARY = "libc++";
				CLANG_ENABLE_MODULES = YES;
				CLANG_ENABLE_OBJC_ARC = YES;
				CLANG_ENABLE_OBJC_WEAK = YES;
				CLANG_WARN_BLOCK_CAPTURE_AUTORELEASING = YES;
				CLANG_WARN_BOOL_CONVERSION = YES;
				CLANG_WARN_COMMA = YES;
				CLANG_WARN_CONSTANT_CONVERSION = YES;
				CLANG_WARN_DEPRECATED_OBJC_IMPLEMENTATIONS = YES;
				CLANG_WARN_DIRECT_OBJC_ISA_USAGE = YES_ERROR;
				CLANG_WARN_DOCUMENTATION_COMMENTS = YES;
				CLANG_WARN_EMPTY_BODY = YES;
				CLANG_WARN_ENUM_CONVERSION = YES;
				CLANG_WARN_INFINITE_RECURSION = YES;
				CLANG_WARN_INT_CONVERSION = YES;
				CLANG_WARN_NON_LITERAL_NULL_CONVERSION = YES;
				CLANG_WARN_OBJC_IMPLICIT_RETAIN_SELF = YES;
				CLANG_WARN_OBJC_LITERAL_CONVERSION = YES;
				CLANG_WARN_OBJC_ROOT_CLASS = YES_ERROR;
				CLANG_WARN_QUOTED_INCLUDE_IN_FRAMEWORK_HEADER = YES;
				CLANG_WARN_RANGE_LOOP_ANALYSIS = YES;
				CLANG_WARN_STRICT_PROTOTYPES = YES;
				CLANG_WARN_SUSPICIOUS_MOVE = YES;
				CLANG_WARN_UNGUARDED_AVAILABILITY = YES_AGGRESSIVE;
				CLANG_WARN_UNREACHABLE_CODE = YES;
				CLANG_WARN__DUPLICATE_METHOD_MATCH = YES;
				COPY_PHASE_STRIP = NO;
				DEBUG_INFORMATION_FORMAT = "dwarf-with-dsym";
				ENABLE_NS_ASSERTIONS = NO;
				ENABLE_STRICT_OBJC_MSGSEND = YES;
				GCC_C_LANGUAGE_STANDARD = gnu11;
				GCC_NO_COMMON_BLOCKS = YES;
				GCC_WARN_64_TO_32_BIT_CONVERSION = YES;
				GCC_WARN_ABOUT_RETURN_TYPE = YES_ERROR;
				GCC_WARN_UNDECLARED_SELECTOR = YES;
				GCC_WARN_UNINITIALIZED_AUTOS = YES_AGGRESSIVE;
				GCC_WARN_UNUSED_FUNCTION = YES;
				GCC_WARN_UNUSED_VARIABLE = YES;
				IPHONEOS_DEPLOYMENT_TARGET = 15.0;
				MTL_ENABLE_DEBUG_INFO = NO;
				MTL_FAST_MATH = YES;
				SDKROOT = iphoneos;
				SWIFT_COMPILATION_MODE = wholemodule;
				SWIFT_OPTIMIZATION_LEVEL = "-O";
				VALIDATE_PRODUCT = YES;
			};
			name = Release;
		};
		1470F1A0276E6497005FC928 /* Debug */ = {
			isa = XCBuildConfiguration;
			buildSettings = {
				ASSETCATALOG_COMPILER_APPICON_NAME = AppIcon;
				ASSETCATALOG_COMPILER_GLOBAL_ACCENT_COLOR_NAME = AccentColor;
				CODE_SIGN_STYLE = Automatic;
				CURRENT_PROJECT_VERSION = 1;
				GENERATE_INFOPLIST_FILE = YES;
				INFOPLIST_FILE = WorkCharacterTestAPP/Info.plist;
				INFOPLIST_KEY_UIApplicationSupportsIndirectInputEvents = YES;
				INFOPLIST_KEY_UILaunchStoryboardName = LaunchScreen;
				INFOPLIST_KEY_UIMainStoryboardFile = Main;
				INFOPLIST_KEY_UISupportedInterfaceOrientations_iPad = "UIInterfaceOrientationPortrait UIInterfaceOrientationPortraitUpsideDown UIInterfaceOrientationLandscapeLeft UIInterfaceOrientationLandscapeRight";
				INFOPLIST_KEY_UISupportedInterfaceOrientations_iPhone = "UIInterfaceOrientationPortrait UIInterfaceOrientationLandscapeLeft UIInterfaceOrientationLandscapeRight";
				LD_RUNPATH_SEARCH_PATHS = (
					"$(inherited)",
					"@executable_path/Frameworks",
				);
				MARKETING_VERSION = 1.0;
				PRODUCT_BUNDLE_IDENTIFIER = onlineFilms.WorkCharacterTestAPP;
				PRODUCT_NAME = "$(TARGET_NAME)";
				SWIFT_EMIT_LOC_STRINGS = YES;
				SWIFT_VERSION = 5.0;
				TARGETED_DEVICE_FAMILY = "1,2";
			};
			name = Debug;
		};
		1470F1A1276E6497005FC928 /* Release */ = {
			isa = XCBuildConfiguration;
			buildSettings = {
				ASSETCATALOG_COMPILER_APPICON_NAME = AppIcon;
				ASSETCATALOG_COMPILER_GLOBAL_ACCENT_COLOR_NAME = AccentColor;
				CODE_SIGN_STYLE = Automatic;
				CURRENT_PROJECT_VERSION = 1;
				GENERATE_INFOPLIST_FILE = YES;
				INFOPLIST_FILE = WorkCharacterTestAPP/Info.plist;
				INFOPLIST_KEY_UIApplicationSupportsIndirectInputEvents = YES;
				INFOPLIST_KEY_UILaunchStoryboardName = LaunchScreen;
				INFOPLIST_KEY_UIMainStoryboardFile = Main;
				INFOPLIST_KEY_UISupportedInterfaceOrientations_iPad = "UIInterfaceOrientationPortrait UIInterfaceOrientationPortraitUpsideDown UIInterfaceOrientationLandscapeLeft UIInterfaceOrientationLandscapeRight";
				INFOPLIST_KEY_UISupportedInterfaceOrientations_iPhone = "UIInterfaceOrientationPortrait UIInterfaceOrientationLandscapeLeft UIInterfaceOrientationLandscapeRight";
				LD_RUNPATH_SEARCH_PATHS = (
					"$(inherited)",
					"@executable_path/Frameworks",
				);
				MARKETING_VERSION = 1.0;
				PRODUCT_BUNDLE_IDENTIFIER = onlineFilms.WorkCharacterTestAPP;
				PRODUCT_NAME = "$(TARGET_NAME)";
				SWIFT_EMIT_LOC_STRINGS = YES;
				SWIFT_VERSION = 5.0;
				TARGETED_DEVICE_FAMILY = "1,2";
			};
			name = Release;
		};
/* End XCBuildConfiguration section */

/* Begin XCConfigurationList section */
		1470F186276E648D005FC928 /* Build configuration list for PBXProject "WorkCharacterTestAPP" */ = {
			isa = XCConfigurationList;
			buildConfigurations = (
				1470F19D276E6497005FC928 /* Debug */,
				1470F19E276E6497005FC928 /* Release */,
			);
			defaultConfigurationIsVisible = 0;
			defaultConfigurationName = Release;
		};
		1470F19F276E6497005FC928 /* Build configuration list for PBXNativeTarget "WorkCharacterTestAPP" */ = {
			isa = XCConfigurationList;
			buildConfigurations = (
				1470F1A0276E6497005FC928 /* Debug */,
				1470F1A1276E6497005FC928 /* Release */,
			);
			defaultConfigurationIsVisible = 0;
			defaultConfigurationName = Release;
		};
/* End XCConfigurationList section */
	};
	rootObject = 1470F183276E648D005FC928 /* Project object */;
}
